
Microsoft Visual Studio Solution File, Format Version 12.00
# Visual Studio 2013
VisualStudioVersion = 12.0.31101.0
MinimumVisualStudioVersion = 10.0.40219.1
Project("{FAE04EC0-301F-11D3-BF4B-00C04F79EFBC}") = "spine-csharp", "spine-csharp\spine-csharp.csproj", "{690E4AA7-BB09-4663-9908-FD5637AE907A}"
EndProject
Project("{FAE04EC0-301F-11D3-BF4B-00C04F79EFBC}") = "spine-monogame", "spine-monogame\spine-monogame.csproj", "{9145CFF2-16F7-4CA3-B298-B0FB357495D6}"
EndProject
Project("{FAE04EC0-301F-11D3-BF4B-00C04F79EFBC}") = "spine-cocos2d-xna", "spine-cocos2d-xna\spine-cocos2d-xna.csproj", "{11344FBA-55CD-4C96-9D08-603135518B13}"
EndProject
Project("{FAE04EC0-301F-11D3-BF4B-00C04F79EFBC}") = "test-monogame", "test\monogame\test-monogame.csproj", "{BD8484D4-409D-4F43-8ECD-014EC48B75CF}"
EndProject
Project("{2150E333-8FDC-42A3-9474-1A3956D46DE8}") = "GitHub", "GitHub", "{00F985DD-CC95-476D-B29F-9610A7912C40}"
	ProjectSection(SolutionItems) = preProject
		README.md = README.md
	EndProjectSection
EndProject
Project("{FAE04EC0-301F-11D3-BF4B-00C04F79EFBC}") = "test-cocos2d-xna", "test\cocos2d-xna\test-cocos2d-xna.csproj", "{5AD70B46-4D3F-46AE-B677-E43BBF0205B3}"
EndProject
Global
	GlobalSection(SolutionConfigurationPlatforms) = preSolution
		Debug|Any CPU = Debug|Any CPU
		Release|Any CPU = Release|Any CPU
	EndGlobalSection
	GlobalSection(ProjectConfigurationPlatforms) = postSolution
		{690E4AA7-BB09-4663-9908-FD5637AE907A}.Debug|Any CPU.ActiveCfg = Debug|Any CPU
		{690E4AA7-BB09-4663-9908-FD5637AE907A}.Debug|Any CPU.Build.0 = Debug|Any CPU
		{690E4AA7-BB09-4663-9908-FD5637AE907A}.Release|Any CPU.ActiveCfg = Release|Any CPU
		{690E4AA7-BB09-4663-9908-FD5637AE907A}.Release|Any CPU.Build.0 = Release|Any CPU
		{9145CFF2-16F7-4CA3-B298-B0FB357495D6}.Debug|Any CPU.ActiveCfg = Debug|Any CPU
		{9145CFF2-16F7-4CA3-B298-B0FB357495D6}.Debug|Any CPU.Build.0 = Debug|Any CPU
		{9145CFF2-16F7-4CA3-B298-B0FB357495D6}.Release|Any CPU.ActiveCfg = Release|Any CPU
		{9145CFF2-16F7-4CA3-B298-B0FB357495D6}.Release|Any CPU.Build.0 = Release|Any CPU
		{11344FBA-55CD-4C96-9D08-603135518B13}.Debug|Any CPU.ActiveCfg = Debug|Any CPU
		{11344FBA-55CD-4C96-9D08-603135518B13}.Debug|Any CPU.Build.0 = Debug|Any CPU
		{11344FBA-55CD-4C96-9D08-603135518B13}.Release|Any CPU.ActiveCfg = Release|Any CPU
		{11344FBA-55CD-4C96-9D08-603135518B13}.Release|Any CPU.Build.0 = Release|Any CPU
		{BD8484D4-409D-4F43-8ECD-014EC48B75CF}.Debug|Any CPU.ActiveCfg = Debug|Any CPU
		{BD8484D4-409D-4F43-8ECD-014EC48B75CF}.Debug|Any CPU.Build.0 = Debug|Any CPU
		{BD8484D4-409D-4F43-8ECD-014EC48B75CF}.Release|Any CPU.ActiveCfg = Release|Any CPU
		{BD8484D4-409D-4F43-8ECD-014EC48B75CF}.Release|Any CPU.Build.0 = Release|Any CPU
		{5AD70B46-4D3F-46AE-B677-E43BBF0205B3}.Debug|Any CPU.ActiveCfg = Debug|Any CPU
		{5AD70B46-4D3F-46AE-B677-E43BBF0205B3}.Debug|Any CPU.Build.0 = Debug|Any CPU
		{5AD70B46-4D3F-46AE-B677-E43BBF0205B3}.Release|Any CPU.ActiveCfg = Release|Any CPU
		{5AD70B46-4D3F-46AE-B677-E43BBF0205B3}.Release|Any CPU.Build.0 = Release|Any CPU
	EndGlobalSection
	GlobalSection(SolutionProperties) = preSolution
		HideSolutionNode = FALSE
	EndGlobalSection
EndGlobal
